
Microsoft Visual Studio Solution File, Format Version 12.00
# Visual Studio 15
Project("{FAE04EC0-301F-11D3-BF4B-00C04F79EFBC}") = "Backgrounding.Demo.Android", "Backgrounding.Demo.Android\Backgrounding.Demo.Android.csproj", "{1152B8C5-9EDD-4FE9-BF35-7DA0F96BE04A}"
EndProject
Project("{FAE04EC0-301F-11D3-BF4B-00C04F79EFBC}") = "Backgrounding.Demo.iOS", "Backgrounding.Demo.iOS\Backgrounding.Demo.iOS.csproj", "{114EC9E5-F031-49B4-943A-F4B24DFBF48C}"
EndProject
Project("{FAE04EC0-301F-11D3-BF4B-00C04F79EFBC}") = "Backgrounding.Demo", "Backgrounding.Demo\Backgrounding.Demo.csproj", "{86F3512D-9BDF-4184-B21A-8E8232F650EB}"
EndProject
Project("{2150E333-8FDC-42A3-9474-1A3956D46DE8}") = "Solution Items", "Solution Items", "{56485863-FC88-4ABC-A664-DA54155D527B}"
	ProjectSection(SolutionItems) = preProject
		README.md = README.md
	EndProjectSection
EndProject
Project("{FAE04EC0-301F-11D3-BF4B-00C04F79EFBC}") = "Backgrounding", "Backgrounding\Backgrounding.csproj", "{586924CA-C1F2-4831-AC7B-F7A48EF16083}"
EndProject
Global
	GlobalSection(SolutionConfigurationPlatforms) = preSolution
		Debug|Any CPU = Debug|Any CPU
		Release|Any CPU = Release|Any CPU
		Debug|iPhoneSimulator = Debug|iPhoneSimulator
		Release|iPhoneSimulator = Release|iPhoneSimulator
		Debug|iPhone = Debug|iPhone
		Release|iPhone = Release|iPhone
	EndGlobalSection
	GlobalSection(ProjectConfigurationPlatforms) = postSolution
		{1152B8C5-9EDD-4FE9-BF35-7DA0F96BE04A}.Debug|Any CPU.ActiveCfg = Debug|Any CPU
		{1152B8C5-9EDD-4FE9-BF35-7DA0F96BE04A}.Debug|Any CPU.Build.0 = Debug|Any CPU
		{1152B8C5-9EDD-4FE9-BF35-7DA0F96BE04A}.Release|Any CPU.ActiveCfg = Release|Any CPU
		{1152B8C5-9EDD-4FE9-BF35-7DA0F96BE04A}.Release|Any CPU.Build.0 = Release|Any CPU
		{1152B8C5-9EDD-4FE9-BF35-7DA0F96BE04A}.Debug|iPhoneSimulator.ActiveCfg = Debug|Any CPU
		{1152B8C5-9EDD-4FE9-BF35-7DA0F96BE04A}.Debug|iPhoneSimulator.Build.0 = Debug|Any CPU
		{1152B8C5-9EDD-4FE9-BF35-7DA0F96BE04A}.Release|iPhoneSimulator.ActiveCfg = Release|Any CPU
		{1152B8C5-9EDD-4FE9-BF35-7DA0F96BE04A}.Release|iPhoneSimulator.Build.0 = Release|Any CPU
		{1152B8C5-9EDD-4FE9-BF35-7DA0F96BE04A}.Debug|iPhone.ActiveCfg = Debug|Any CPU
		{1152B8C5-9EDD-4FE9-BF35-7DA0F96BE04A}.Debug|iPhone.Build.0 = Debug|Any CPU
		{1152B8C5-9EDD-4FE9-BF35-7DA0F96BE04A}.Release|iPhone.ActiveCfg = Release|Any CPU
		{1152B8C5-9EDD-4FE9-BF35-7DA0F96BE04A}.Release|iPhone.Build.0 = Release|Any CPU
		{114EC9E5-F031-49B4-943A-F4B24DFBF48C}.Debug|Any CPU.ActiveCfg = Debug|iPhoneSimulator
		{114EC9E5-F031-49B4-943A-F4B24DFBF48C}.Debug|Any CPU.Build.0 = Debug|iPhoneSimulator
		{114EC9E5-F031-49B4-943A-F4B24DFBF48C}.Release|Any CPU.ActiveCfg = Release|iPhoneSimulator
		{114EC9E5-F031-49B4-943A-F4B24DFBF48C}.Release|Any CPU.Build.0 = Release|iPhoneSimulator
		{114EC9E5-F031-49B4-943A-F4B24DFBF48C}.Debug|iPhoneSimulator.ActiveCfg = Debug|iPhoneSimulator
		{114EC9E5-F031-49B4-943A-F4B24DFBF48C}.Debug|iPhoneSimulator.Build.0 = Debug|iPhoneSimulator
		{114EC9E5-F031-49B4-943A-F4B24DFBF48C}.Release|iPhoneSimulator.ActiveCfg = Release|iPhoneSimulator
		{114EC9E5-F031-49B4-943A-F4B24DFBF48C}.Release|iPhoneSimulator.Build.0 = Release|iPhoneSimulator
		{114EC9E5-F031-49B4-943A-F4B24DFBF48C}.Debug|iPhone.ActiveCfg = Debug|iPhone
		{114EC9E5-F031-49B4-943A-F4B24DFBF48C}.Debug|iPhone.Build.0 = Debug|iPhone
		{114EC9E5-F031-49B4-943A-F4B24DFBF48C}.Release|iPhone.ActiveCfg = Release|iPhone
		{114EC9E5-F031-49B4-943A-F4B24DFBF48C}.Release|iPhone.Build.0 = Release|iPhone
		{86F3512D-9BDF-4184-B21A-8E8232F650EB}.Debug|Any CPU.ActiveCfg = Debug|Any CPU
		{86F3512D-9BDF-4184-B21A-8E8232F650EB}.Debug|Any CPU.Build.0 = Debug|Any CPU
		{86F3512D-9BDF-4184-B21A-8E8232F650EB}.Release|Any CPU.ActiveCfg = Release|Any CPU
		{86F3512D-9BDF-4184-B21A-8E8232F650EB}.Release|Any CPU.Build.0 = Release|Any CPU
		{86F3512D-9BDF-4184-B21A-8E8232F650EB}.Debug|iPhoneSimulator.ActiveCfg = Debug|Any CPU
		{86F3512D-9BDF-4184-B21A-8E8232F650EB}.Debug|iPhoneSimulator.Build.0 = Debug|Any CPU
		{86F3512D-9BDF-4184-B21A-8E8232F650EB}.Release|iPhoneSimulator.ActiveCfg = Release|Any CPU
		{86F3512D-9BDF-4184-B21A-8E8232F650EB}.Release|iPhoneSimulator.Build.0 = Release|Any CPU
		{86F3512D-9BDF-4184-B21A-8E8232F650EB}.Debug|iPhone.ActiveCfg = Debug|Any CPU
		{86F3512D-9BDF-4184-B21A-8E8232F650EB}.Debug|iPhone.Build.0 = Debug|Any CPU
		{86F3512D-9BDF-4184-B21A-8E8232F650EB}.Release|iPhone.ActiveCfg = Release|Any CPU
		{86F3512D-9BDF-4184-B21A-8E8232F650EB}.Release|iPhone.Build.0 = Release|Any CPU
		{586924CA-C1F2-4831-AC7B-F7A48EF16083}.Debug|Any CPU.ActiveCfg = Debug|Any CPU
		{586924CA-C1F2-4831-AC7B-F7A48EF16083}.Debug|Any CPU.Build.0 = Debug|Any CPU
		{586924CA-C1F2-4831-AC7B-F7A48EF16083}.Release|Any CPU.ActiveCfg = Release|Any CPU
		{586924CA-C1F2-4831-AC7B-F7A48EF16083}.Release|Any CPU.Build.0 = Release|Any CPU
		{586924CA-C1F2-4831-AC7B-F7A48EF16083}.Debug|iPhoneSimulator.ActiveCfg = Debug|Any CPU
		{586924CA-C1F2-4831-AC7B-F7A48EF16083}.Debug|iPhoneSimulator.Build.0 = Debug|Any CPU
		{586924CA-C1F2-4831-AC7B-F7A48EF16083}.Release|iPhoneSimulator.ActiveCfg = Release|Any CPU
		{586924CA-C1F2-4831-AC7B-F7A48EF16083}.Release|iPhoneSimulator.Build.0 = Release|Any CPU
		{586924CA-C1F2-4831-AC7B-F7A48EF16083}.Debug|iPhone.ActiveCfg = Debug|Any CPU
		{586924CA-C1F2-4831-AC7B-F7A48EF16083}.Debug|iPhone.Build.0 = Debug|Any CPU
		{586924CA-C1F2-4831-AC7B-F7A48EF16083}.Release|iPhone.ActiveCfg = Release|Any CPU
		{586924CA-C1F2-4831-AC7B-F7A48EF16083}.Release|iPhone.Build.0 = Release|Any CPU
	EndGlobalSection
EndGlobal
